
Microsoft Visual Studio Solution File, Format Version 12.00
# Visual Studio Version 17
VisualStudioVersion = 17.0.32014.148
MinimumVisualStudioVersion = 10.0.40219.1
Project("{FAE04EC0-301F-11D3-BF4B-00C04F79EFBC}") = "dio-curso-cpde", "dio-curso-cpde.csproj", "{B2BD3B51-85C1-4712-9DA2-A0AEE7D0BC6E}"
EndProject
Global
	GlobalSection(SolutionConfigurationPlatforms) = preSolution
		Debug|Any CPU = Debug|Any CPU
		Release|Any CPU = Release|Any CPU
	EndGlobalSection
	GlobalSection(ProjectConfigurationPlatforms) = postSolution
		{B2BD3B51-85C1-4712-9DA2-A0AEE7D0BC6E}.Debug|Any CPU.ActiveCfg = Debug|Any CPU
		{B2BD3B51-85C1-4712-9DA2-A0AEE7D0BC6E}.Debug|Any CPU.Build.0 = Debug|Any CPU
		{B2BD3B51-85C1-4712-9DA2-A0AEE7D0BC6E}.Release|Any CPU.ActiveCfg = Release|Any CPU
		{B2BD3B51-85C1-4712-9DA2-A0AEE7D0BC6E}.Release|Any CPU.Build.0 = Release|Any CPU
	EndGlobalSection
	GlobalSection(SolutionProperties) = preSolution
		HideSolutionNode = FALSE
	EndGlobalSection
	GlobalSection(ExtensibilityGlobals) = postSolution
		SolutionGuid = {1AF4B46E-F518-4257-839C-AA9605709E99}
	EndGlobalSection
EndGlobal
